# @generated by Move, please check-in and do not edit manually.

[move]
version = 2
manifest_digest = "5C7B544477126E5DA2151274F186A178B61A67336FEE52134F5DFA21042E4747"
deps_digest = "3C4103934B1E040BB6B23F1D610B4EF9F2F1166A50A104EADCF77467C004C600"
dependencies = [
  { name = "MoveStdlib" },
  { name = "Sui" },
]

[[move.package]]
name = "MoveStdlib"
source = { git = "https://github.com/MystenLabs/sui.git", rev = "framework/mainnet", subdir = "crates/sui-framework/packages/move-stdlib" }

[[move.package]]
name = "Sui"
source = { git = "https://github.com/MystenLabs/sui.git", rev = "framework/mainnet", subdir = "crates/sui-framework/packages/sui-framework" }

dependencies = [
  { name = "MoveStdlib" },
]

[move.toolchain-version]
compiler-version = "1.24.1"
edition = "2024.beta"
flavor = "sui"

[env]

[env.mainnet]
chain-id = "35834a8a"
original-published-id = "0x181a0ed6fe0326d077ade26bfc6b4db8db17efdc3f1eaf39162a53038815306c"
latest-published-id = "0x181a0ed6fe0326d077ade26bfc6b4db8db17efdc3f1eaf39162a53038815306c"
published-version = "1"
