# @generated by Move, please check-in and do not edit manually.

[move]
version = 2
manifest_digest = "DA6B79C995950DBD1D0ADA327E3438BE96E28E3AA7E320CA22135B776F523148"
deps_digest = "060AD7E57DFB13104F21BE5F5C3759D03F0553FC3229247D9A7A6B45F50D03A3"
dependencies = [
  { name = "MoveStdlib" },
  { name = "ScallopProtocol" },
  { name = "Sui" },
]

[[move.package]]
name = "CoinDecimalsRegistry"
source = { local = "../dependencies/sui-lending-protocol/contracts/libs/coin_decimals_registry" }

dependencies = [
  { name = "Sui" },
]

[[move.package]]
name = "Math"
source = { local = "../dependencies/sui-lending-protocol/contracts/libs/math" }

dependencies = [
  { name = "Sui" },
]

[[move.package]]
name = "MoveStdlib"
source = { git = "https://github.com/MystenLabs/sui.git", rev = "framework/mainnet", subdir = "crates/sui-framework/packages/move-stdlib" }

[[move.package]]
name = "ScallopProtocol"
source = { local = "../dependencies/sui-lending-protocol/contracts/protocol" }

dependencies = [
  { name = "CoinDecimalsRegistry" },
  { name = "Math" },
  { name = "Sui" },
  { name = "Whitelist" },
  { name = "X" },
  { name = "XOracle" },
]

[[move.package]]
name = "Sui"
source = { git = "https://github.com/MystenLabs/sui.git", rev = "framework/mainnet", subdir = "crates/sui-framework/packages/sui-framework" }

dependencies = [
  { name = "MoveStdlib" },
]

[[move.package]]
name = "Whitelist"
source = { local = "../dependencies/sui-lending-protocol/contracts/libs/whitelist" }

dependencies = [
  { name = "Sui" },
]

[[move.package]]
name = "X"
source = { local = "../dependencies/sui-lending-protocol/contracts/libs/x" }

dependencies = [
  { name = "Sui" },
]

[[move.package]]
name = "XOracle"
source = { local = "../dependencies/sui-lending-protocol/contracts/sui_x_oracle/x_oracle" }

dependencies = [
  { name = "Sui" },
]

[move.toolchain-version]
compiler-version = "1.24.1"
edition = "2024.beta"
flavor = "sui"

[env]

[env.mainnet]
chain-id = "35834a8a"
original-published-id = "0x181a0ed6fe0326d077ade26bfc6b4db8db17efdc3f1eaf39162a53038815306c"
latest-published-id = "0x181a0ed6fe0326d077ade26bfc6b4db8db17efdc3f1eaf39162a53038815306c"
published-version = "1"
